
Microsoft Visual Studio Solution File, Format Version 12.00
# Visual Studio Version 17
VisualStudioVersion = 17.2.32630.192
MinimumVisualStudioVersion = 10.0.40219.1
Project("{FAE04EC0-301F-11D3-BF4B-00C04F79EFBC}") = "ScanditSbx.Android", "ScanditSbx\ScanditSbx.Android\ScanditSbx.Android.csproj", "{BD80D314-6CB0-440F-86F1-7CF91CCC0372}"
EndProject
Project("{9A19103F-16F7-4668-BE54-9A1E7A4F7556}") = "ScanditSbx", "ScanditSbx\ScanditSbx\ScanditSbx.csproj", "{52BC28EF-2C4B-4032-9E54-3BAD8D6B67E1}"
EndProject
Global
	GlobalSection(SolutionConfigurationPlatforms) = preSolution
		Debug|Any CPU = Debug|Any CPU
		Release|Any CPU = Release|Any CPU
	EndGlobalSection
	GlobalSection(ProjectConfigurationPlatforms) = postSolution
		{BD80D314-6CB0-440F-86F1-7CF91CCC0372}.Debug|Any CPU.ActiveCfg = Debug|Any CPU
		{BD80D314-6CB0-440F-86F1-7CF91CCC0372}.Debug|Any CPU.Build.0 = Debug|Any CPU
		{BD80D314-6CB0-440F-86F1-7CF91CCC0372}.Debug|Any CPU.Deploy.0 = Debug|Any CPU
		{BD80D314-6CB0-440F-86F1-7CF91CCC0372}.Release|Any CPU.ActiveCfg = Release|Any CPU
		{BD80D314-6CB0-440F-86F1-7CF91CCC0372}.Release|Any CPU.Build.0 = Release|Any CPU
		{BD80D314-6CB0-440F-86F1-7CF91CCC0372}.Release|Any CPU.Deploy.0 = Release|Any CPU
		{52BC28EF-2C4B-4032-9E54-3BAD8D6B67E1}.Debug|Any CPU.ActiveCfg = Debug|Any CPU
		{52BC28EF-2C4B-4032-9E54-3BAD8D6B67E1}.Debug|Any CPU.Build.0 = Debug|Any CPU
		{52BC28EF-2C4B-4032-9E54-3BAD8D6B67E1}.Release|Any CPU.ActiveCfg = Release|Any CPU
		{52BC28EF-2C4B-4032-9E54-3BAD8D6B67E1}.Release|Any CPU.Build.0 = Release|Any CPU
	EndGlobalSection
	GlobalSection(SolutionProperties) = preSolution
		HideSolutionNode = FALSE
	EndGlobalSection
	GlobalSection(ExtensibilityGlobals) = postSolution
		SolutionGuid = {1EB6C0D6-D3B9-410A-86E2-8CA728BFEE7F}
	EndGlobalSection
EndGlobal
